
Microsoft Visual Studio Solution File, Format Version 12.00
# Visual Studio Version 17
VisualStudioVersion = 17.0.31903.59
MinimumVisualStudioVersion = 10.0.40219.1
Project("{2150E333-8FDC-42A3-9474-1A3956D46DE8}") = "src", "src", "{86EF5359-C696-4465-A9C2-8B9FC16CD787}"
EndProject
Project("{FAE04EC0-301F-11D3-BF4B-00C04F79EFBC}") = "GymManagement.Api", "src\GymManagement.Api\GymManagement.Api.csproj", "{0AB80595-03DD-4B06-9396-E11CDDE9D60C}"
EndProject
Project("{FAE04EC0-301F-11D3-BF4B-00C04F79EFBC}") = "GymManagement.Application", "src\GymManagement.Application\GymManagement.Application.csproj", "{01FF598C-A700-4AA2-8C8C-A061C90085FE}"
EndProject
Project("{FAE04EC0-301F-11D3-BF4B-00C04F79EFBC}") = "GymManagement.Domain", "src\GymManagement.Domain\GymManagement.Domain.csproj", "{E10437B0-7B02-465A-A5D9-7BE24D8A96AC}"
EndProject
Project("{FAE04EC0-301F-11D3-BF4B-00C04F79EFBC}") = "GymManagement.Infrastructure", "src\GymManagement.Infrastructure\GymManagement.Infrastructure.csproj", "{F85C91A7-CC66-454A-9F57-578D85D4D248}"
EndProject
Global
	GlobalSection(SolutionConfigurationPlatforms) = preSolution
		Debug|Any CPU = Debug|Any CPU
		Release|Any CPU = Release|Any CPU
	EndGlobalSection
	GlobalSection(SolutionProperties) = preSolution
		HideSolutionNode = FALSE
	EndGlobalSection
	GlobalSection(ProjectConfigurationPlatforms) = postSolution
		{0AB80595-03DD-4B06-9396-E11CDDE9D60C}.Debug|Any CPU.ActiveCfg = Debug|Any CPU
		{0AB80595-03DD-4B06-9396-E11CDDE9D60C}.Debug|Any CPU.Build.0 = Debug|Any CPU
		{0AB80595-03DD-4B06-9396-E11CDDE9D60C}.Release|Any CPU.ActiveCfg = Release|Any CPU
		{0AB80595-03DD-4B06-9396-E11CDDE9D60C}.Release|Any CPU.Build.0 = Release|Any CPU
		{01FF598C-A700-4AA2-8C8C-A061C90085FE}.Debug|Any CPU.ActiveCfg = Debug|Any CPU
		{01FF598C-A700-4AA2-8C8C-A061C90085FE}.Debug|Any CPU.Build.0 = Debug|Any CPU
		{01FF598C-A700-4AA2-8C8C-A061C90085FE}.Release|Any CPU.ActiveCfg = Release|Any CPU
		{01FF598C-A700-4AA2-8C8C-A061C90085FE}.Release|Any CPU.Build.0 = Release|Any CPU
		{E10437B0-7B02-465A-A5D9-7BE24D8A96AC}.Debug|Any CPU.ActiveCfg = Debug|Any CPU
		{E10437B0-7B02-465A-A5D9-7BE24D8A96AC}.Debug|Any CPU.Build.0 = Debug|Any CPU
		{E10437B0-7B02-465A-A5D9-7BE24D8A96AC}.Release|Any CPU.ActiveCfg = Release|Any CPU
		{E10437B0-7B02-465A-A5D9-7BE24D8A96AC}.Release|Any CPU.Build.0 = Release|Any CPU
		{F85C91A7-CC66-454A-9F57-578D85D4D248}.Debug|Any CPU.ActiveCfg = Debug|Any CPU
		{F85C91A7-CC66-454A-9F57-578D85D4D248}.Debug|Any CPU.Build.0 = Debug|Any CPU
		{F85C91A7-CC66-454A-9F57-578D85D4D248}.Release|Any CPU.ActiveCfg = Release|Any CPU
		{F85C91A7-CC66-454A-9F57-578D85D4D248}.Release|Any CPU.Build.0 = Release|Any CPU
	EndGlobalSection
	GlobalSection(NestedProjects) = preSolution
		{0AB80595-03DD-4B06-9396-E11CDDE9D60C} = {86EF5359-C696-4465-A9C2-8B9FC16CD787}
		{01FF598C-A700-4AA2-8C8C-A061C90085FE} = {86EF5359-C696-4465-A9C2-8B9FC16CD787}
		{E10437B0-7B02-465A-A5D9-7BE24D8A96AC} = {86EF5359-C696-4465-A9C2-8B9FC16CD787}
		{F85C91A7-CC66-454A-9F57-578D85D4D248} = {86EF5359-C696-4465-A9C2-8B9FC16CD787}
	EndGlobalSection
EndGlobal
